
Microsoft Visual Studio Solution File, Format Version 12.00
Project("{FAE04EC0-301F-11D3-BF4B-00C04F79EFBC}") = "PeopleTeamsMcpServer", "src\PeopleTeamsMcpServer\PeopleTeamsMcpServer.csproj", "{0D7665FB-F411-4BB9-B610-A8C103E67D9E}"
EndProject
Project("{FAE04EC0-301F-11D3-BF4B-00C04F79EFBC}") = "PeopleTeamsProjectsRepository", "src\PeopleTeamsProjectsRepository\PeopleTeamsProjectsRepository.csproj", "{457DCBC6-0CE0-48BE-ACA2-103B98930FBD}"
EndProject
Project("{FAE04EC0-301F-11D3-BF4B-00C04F79EFBC}") = "PeopleTeamsProjectsConsole", "src\PeopleTeamsProjectConsole\PeopleTeamsProjectsConsole.csproj", "{41E7CAD7-8556-4C64-AC0F-17A292A9B748}"
EndProject
Project("{FAE04EC0-301F-11D3-BF4B-00C04F79EFBC}") = "PeopleTeamsProjectsTests", "tests\PeopleTeamsProjectsTests\PeopleTeamsProjectsTests.csproj", "{412FD2C5-18BF-45B0-A365-FB8B6F37125D}"
EndProject
Project("{2150E333-8FDC-42A3-9474-1A3956D46DE8}") = "src", "src", "{AF293754-0F8E-49CB-976F-64247BBB537D}"
EndProject
Project("{2150E333-8FDC-42A3-9474-1A3956D46DE8}") = "tests", "tests", "{8242118B-8A11-4D28-AC08-92B7EF9D389B}"
EndProject
Project("{FAE04EC0-301F-11D3-BF4B-00C04F79EFBC}") = "JaspalChatBot", "src\JaspalChatBot\JaspalChatBot.csproj", "{CB474039-9C12-4977-B3D5-91334250063F}"
EndProject
Project("{FAE04EC0-301F-11D3-BF4B-00C04F79EFBC}") = "PeopleTeamsMCPClient", "src\PeopleTeamsMCPClient\PeopleTeamsMCPClient.csproj", "{738FF53D-1D9E-4BD6-B56A-18A8450F87A2}"
EndProject
Project("{FAE04EC0-301F-11D3-BF4B-00C04F79EFBC}") = "PeopleTeamsChat.Api", "src\PeopleTeamsChat.Api\PeopleTeamsChat.Api.csproj", "{A1B2C3D4-E5F6-7890-ABCD-EF1234567890}"
EndProject
Global
	GlobalSection(SolutionConfigurationPlatforms) = preSolution
		Debug|Any CPU = Debug|Any CPU
		Debug|x64 = Debug|x64
		Debug|x86 = Debug|x86
		Release|Any CPU = Release|Any CPU
		Release|x64 = Release|x64
		Release|x86 = Release|x86
	EndGlobalSection
	GlobalSection(ProjectConfigurationPlatforms) = postSolution
		{0D7665FB-F411-4BB9-B610-A8C103E67D9E}.Debug|Any CPU.ActiveCfg = Debug|Any CPU
		{0D7665FB-F411-4BB9-B610-A8C103E67D9E}.Debug|Any CPU.Build.0 = Debug|Any CPU
		{0D7665FB-F411-4BB9-B610-A8C103E67D9E}.Debug|x64.ActiveCfg = Debug|Any CPU
		{0D7665FB-F411-4BB9-B610-A8C103E67D9E}.Debug|x64.Build.0 = Debug|Any CPU
		{0D7665FB-F411-4BB9-B610-A8C103E67D9E}.Debug|x86.ActiveCfg = Debug|Any CPU
		{0D7665FB-F411-4BB9-B610-A8C103E67D9E}.Debug|x86.Build.0 = Debug|Any CPU
		{0D7665FB-F411-4BB9-B610-A8C103E67D9E}.Release|Any CPU.ActiveCfg = Release|Any CPU
		{0D7665FB-F411-4BB9-B610-A8C103E67D9E}.Release|Any CPU.Build.0 = Release|Any CPU
		{0D7665FB-F411-4BB9-B610-A8C103E67D9E}.Release|x64.ActiveCfg = Release|Any CPU
		{0D7665FB-F411-4BB9-B610-A8C103E67D9E}.Release|x64.Build.0 = Release|Any CPU
		{0D7665FB-F411-4BB9-B610-A8C103E67D9E}.Release|x86.ActiveCfg = Release|Any CPU
		{0D7665FB-F411-4BB9-B610-A8C103E67D9E}.Release|x86.Build.0 = Release|Any CPU
		{457DCBC6-0CE0-48BE-ACA2-103B98930FBD}.Debug|Any CPU.ActiveCfg = Debug|Any CPU
		{457DCBC6-0CE0-48BE-ACA2-103B98930FBD}.Debug|Any CPU.Build.0 = Debug|Any CPU
		{457DCBC6-0CE0-48BE-ACA2-103B98930FBD}.Debug|x64.ActiveCfg = Debug|Any CPU
		{457DCBC6-0CE0-48BE-ACA2-103B98930FBD}.Debug|x64.Build.0 = Debug|Any CPU
		{457DCBC6-0CE0-48BE-ACA2-103B98930FBD}.Debug|x86.ActiveCfg = Debug|Any CPU
		{457DCBC6-0CE0-48BE-ACA2-103B98930FBD}.Debug|x86.Build.0 = Debug|Any CPU
		{457DCBC6-0CE0-48BE-ACA2-103B98930FBD}.Release|Any CPU.ActiveCfg = Release|Any CPU
		{457DCBC6-0CE0-48BE-ACA2-103B98930FBD}.Release|Any CPU.Build.0 = Release|Any CPU
		{457DCBC6-0CE0-48BE-ACA2-103B98930FBD}.Release|x64.ActiveCfg = Release|Any CPU
		{457DCBC6-0CE0-48BE-ACA2-103B98930FBD}.Release|x64.Build.0 = Release|Any CPU
		{457DCBC6-0CE0-48BE-ACA2-103B98930FBD}.Release|x86.ActiveCfg = Release|Any CPU
		{457DCBC6-0CE0-48BE-ACA2-103B98930FBD}.Release|x86.Build.0 = Release|Any CPU
		{41E7CAD7-8556-4C64-AC0F-17A292A9B748}.Debug|Any CPU.ActiveCfg = Debug|Any CPU
		{41E7CAD7-8556-4C64-AC0F-17A292A9B748}.Debug|Any CPU.Build.0 = Debug|Any CPU
		{41E7CAD7-8556-4C64-AC0F-17A292A9B748}.Debug|x64.ActiveCfg = Debug|Any CPU
		{41E7CAD7-8556-4C64-AC0F-17A292A9B748}.Debug|x64.Build.0 = Debug|Any CPU
		{41E7CAD7-8556-4C64-AC0F-17A292A9B748}.Debug|x86.ActiveCfg = Debug|Any CPU
		{41E7CAD7-8556-4C64-AC0F-17A292A9B748}.Debug|x86.Build.0 = Debug|Any CPU
		{41E7CAD7-8556-4C64-AC0F-17A292A9B748}.Release|Any CPU.ActiveCfg = Release|Any CPU
		{41E7CAD7-8556-4C64-AC0F-17A292A9B748}.Release|Any CPU.Build.0 = Release|Any CPU
		{41E7CAD7-8556-4C64-AC0F-17A292A9B748}.Release|x64.ActiveCfg = Release|Any CPU
		{41E7CAD7-8556-4C64-AC0F-17A292A9B748}.Release|x64.Build.0 = Release|Any CPU
		{41E7CAD7-8556-4C64-AC0F-17A292A9B748}.Release|x86.ActiveCfg = Release|Any CPU
		{41E7CAD7-8556-4C64-AC0F-17A292A9B748}.Release|x86.Build.0 = Release|Any CPU
		{412FD2C5-18BF-45B0-A365-FB8B6F37125D}.Debug|Any CPU.ActiveCfg = Debug|Any CPU
		{412FD2C5-18BF-45B0-A365-FB8B6F37125D}.Debug|Any CPU.Build.0 = Debug|Any CPU
		{412FD2C5-18BF-45B0-A365-FB8B6F37125D}.Debug|x64.ActiveCfg = Debug|Any CPU
		{412FD2C5-18BF-45B0-A365-FB8B6F37125D}.Debug|x64.Build.0 = Debug|Any CPU
		{412FD2C5-18BF-45B0-A365-FB8B6F37125D}.Debug|x86.ActiveCfg = Debug|Any CPU
		{412FD2C5-18BF-45B0-A365-FB8B6F37125D}.Debug|x86.Build.0 = Debug|Any CPU
		{412FD2C5-18BF-45B0-A365-FB8B6F37125D}.Release|Any CPU.ActiveCfg = Release|Any CPU
		{412FD2C5-18BF-45B0-A365-FB8B6F37125D}.Release|Any CPU.Build.0 = Release|Any CPU
		{412FD2C5-18BF-45B0-A365-FB8B6F37125D}.Release|x64.ActiveCfg = Release|Any CPU
		{412FD2C5-18BF-45B0-A365-FB8B6F37125D}.Release|x64.Build.0 = Release|Any CPU
		{412FD2C5-18BF-45B0-A365-FB8B6F37125D}.Release|x86.ActiveCfg = Release|Any CPU
		{412FD2C5-18BF-45B0-A365-FB8B6F37125D}.Release|x86.Build.0 = Release|Any CPU
		{CB474039-9C12-4977-B3D5-91334250063F}.Debug|Any CPU.ActiveCfg = Debug|Any CPU
		{CB474039-9C12-4977-B3D5-91334250063F}.Debug|Any CPU.Build.0 = Debug|Any CPU
		{CB474039-9C12-4977-B3D5-91334250063F}.Debug|x64.ActiveCfg = Debug|Any CPU
		{CB474039-9C12-4977-B3D5-91334250063F}.Debug|x64.Build.0 = Debug|Any CPU
		{CB474039-9C12-4977-B3D5-91334250063F}.Debug|x86.ActiveCfg = Debug|Any CPU
		{CB474039-9C12-4977-B3D5-91334250063F}.Debug|x86.Build.0 = Debug|Any CPU
		{CB474039-9C12-4977-B3D5-91334250063F}.Release|Any CPU.ActiveCfg = Release|Any CPU
		{CB474039-9C12-4977-B3D5-91334250063F}.Release|Any CPU.Build.0 = Release|Any CPU
		{CB474039-9C12-4977-B3D5-91334250063F}.Release|x64.ActiveCfg = Release|Any CPU
		{CB474039-9C12-4977-B3D5-91334250063F}.Release|x64.Build.0 = Release|Any CPU
		{CB474039-9C12-4977-B3D5-91334250063F}.Release|x86.ActiveCfg = Release|Any CPU
		{CB474039-9C12-4977-B3D5-91334250063F}.Release|x86.Build.0 = Release|Any CPU
		{738FF53D-1D9E-4BD6-B56A-18A8450F87A2}.Debug|Any CPU.ActiveCfg = Debug|Any CPU
		{738FF53D-1D9E-4BD6-B56A-18A8450F87A2}.Debug|Any CPU.Build.0 = Debug|Any CPU
		{738FF53D-1D9E-4BD6-B56A-18A8450F87A2}.Debug|x64.ActiveCfg = Debug|Any CPU
		{738FF53D-1D9E-4BD6-B56A-18A8450F87A2}.Debug|x64.Build.0 = Debug|Any CPU
		{738FF53D-1D9E-4BD6-B56A-18A8450F87A2}.Debug|x86.ActiveCfg = Debug|Any CPU
		{738FF53D-1D9E-4BD6-B56A-18A8450F87A2}.Debug|x86.Build.0 = Debug|Any CPU
		{738FF53D-1D9E-4BD6-B56A-18A8450F87A2}.Release|Any CPU.ActiveCfg = Release|Any CPU
		{738FF53D-1D9E-4BD6-B56A-18A8450F87A2}.Release|Any CPU.Build.0 = Release|Any CPU
		{738FF53D-1D9E-4BD6-B56A-18A8450F87A2}.Release|x64.ActiveCfg = Release|Any CPU
		{738FF53D-1D9E-4BD6-B56A-18A8450F87A2}.Release|x64.Build.0 = Release|Any CPU
		{738FF53D-1D9E-4BD6-B56A-18A8450F87A2}.Release|x86.ActiveCfg = Release|Any CPU
		{738FF53D-1D9E-4BD6-B56A-18A8450F87A2}.Release|x86.Build.0 = Release|Any CPU
	EndGlobalSection
	GlobalSection(SolutionProperties) = preSolution
		HideSolutionNode = FALSE
	EndGlobalSection
	GlobalSection(NestedProjects) = preSolution
		{0D7665FB-F411-4BB9-B610-A8C103E67D9E} = {AF293754-0F8E-49CB-976F-64247BBB537D}
		{457DCBC6-0CE0-48BE-ACA2-103B98930FBD} = {AF293754-0F8E-49CB-976F-64247BBB537D}
		{41E7CAD7-8556-4C64-AC0F-17A292A9B748} = {AF293754-0F8E-49CB-976F-64247BBB537D}
		{412FD2C5-18BF-45B0-A365-FB8B6F37125D} = {8242118B-8A11-4D28-AC08-92B7EF9D389B}
		{CB474039-9C12-4977-B3D5-91334250063F} = {AF293754-0F8E-49CB-976F-64247BBB537D}
		{738FF53D-1D9E-4BD6-B56A-18A8450F87A2} = {AF293754-0F8E-49CB-976F-64247BBB537D}
	EndGlobalSection
EndGlobal
